# This file is automatically @generated by Cargo.
# It is not intended for manual editing.
version = 3

[[package]]
name = "numerus"
version = "0.1.1"
source = "registry+https://github.com/rust-lang/crates.io-index"
checksum = "93cbadd28a159130d0132b8763061f998c42b35f66d5ceeef8e9679399823a1d"

[[package]]
name = "p089-roman-numerals"
version = "0.1.0"
dependencies = [
 "numerus",
]
